// !$*UTF8*$!
{
	archiveVersion = 1;
	classes = {
	};
	objectVersion = 46;
	objects = {

/* Begin PBXBuildFile section */
		AE0EF5301AC5FF3600A1FF9E /* AppDelegate.swift in Sources */ = {isa = PBXBuildFile; fileRef = AE0EF52F1AC5FF3600A1FF9E /* AppDelegate.swift */; };
		AE0EF5321AC5FF3600A1FF9E /* LogInController.swift in Sources */ = {isa = PBXBuildFile; fileRef = AE0EF5311AC5FF3600A1FF9E /* LogInController.swift */; };
		AE0EF5371AC5FF3600A1FF9E /* Images.xcassets in Resources */ = {isa = PBXBuildFile; fileRef = AE0EF5361AC5FF3600A1FF9E /* Images.xcassets */; };
		AE0EF53A1AC5FF3600A1FF9E /* LaunchScreen.xib in Resources */ = {isa = PBXBuildFile; fileRef = AE0EF5381AC5FF3600A1FF9E /* LaunchScreen.xib */; };
		AE0EF5461AC5FF3600A1FF9E /* loginTests.swift in Sources */ = {isa = PBXBuildFile; fileRef = AE0EF5451AC5FF3600A1FF9E /* loginTests.swift */; };
		AE0EF55A1AC60ABA00A1FF9E /* DeathtoStock_Wired1.jpg in Resources */ = {isa = PBXBuildFile; fileRef = AE0EF5501AC60ABA00A1FF9E /* DeathtoStock_Wired1.jpg */; };
		AE0EF55B1AC60ABA00A1FF9E /* DeathtoStock_Wired10.jpg in Resources */ = {isa = PBXBuildFile; fileRef = AE0EF5511AC60ABA00A1FF9E /* DeathtoStock_Wired10.jpg */; };
		AE0EF55C1AC60ABA00A1FF9E /* DeathtoStock_Wired2.jpg in Resources */ = {isa = PBXBuildFile; fileRef = AE0EF5521AC60ABA00A1FF9E /* DeathtoStock_Wired2.jpg */; };
		AE0EF55D1AC60ABA00A1FF9E /* DeathtoStock_Wired3.jpg in Resources */ = {isa = PBXBuildFile; fileRef = AE0EF5531AC60ABA00A1FF9E /* DeathtoStock_Wired3.jpg */; };
		AE0EF55E1AC60ABA00A1FF9E /* DeathtoStock_Wired4.jpg in Resources */ = {isa = PBXBuildFile; fileRef = AE0EF5541AC60ABA00A1FF9E /* DeathtoStock_Wired4.jpg */; };
		AE0EF55F1AC60ABA00A1FF9E /* DeathtoStock_Wired5.jpg in Resources */ = {isa = PBXBuildFile; fileRef = AE0EF5551AC60ABA00A1FF9E /* DeathtoStock_Wired5.jpg */; };
		AE0EF5601AC60ABA00A1FF9E /* DeathtoStock_Wired6.jpg in Resources */ = {isa = PBXBuildFile; fileRef = AE0EF5561AC60ABA00A1FF9E /* DeathtoStock_Wired6.jpg */; };
		AE0EF5611AC60ABA00A1FF9E /* DeathtoStock_Wired7.jpg in Resources */ = {isa = PBXBuildFile; fileRef = AE0EF5571AC60ABA00A1FF9E /* DeathtoStock_Wired7.jpg */; };
		AE0EF5621AC60ABA00A1FF9E /* DeathtoStock_Wired8.jpg in Resources */ = {isa = PBXBuildFile; fileRef = AE0EF5581AC60ABA00A1FF9E /* DeathtoStock_Wired8.jpg */; };
		AE0EF5631AC60ABA00A1FF9E /* DeathtoStock_Wired9.jpg in Resources */ = {isa = PBXBuildFile; fileRef = AE0EF5591AC60ABA00A1FF9E /* DeathtoStock_Wired9.jpg */; };
		AE1A860B1AD5DCE2006BE0F2 /* Model.swift in Sources */ = {isa = PBXBuildFile; fileRef = AE1A860A1AD5DCE2006BE0F2 /* Model.swift */; };
		AE1A860D1AD5DE0C006BE0F2 /* User.swift in Sources */ = {isa = PBXBuildFile; fileRef = AE1A860C1AD5DE0C006BE0F2 /* User.swift */; };
		AE1A860F1AD6018B006BE0F2 /* DB.swift in Sources */ = {isa = PBXBuildFile; fileRef = AE1A860E1AD6018A006BE0F2 /* DB.swift */; };
		AE42DD6F1AD8B4CD00765727 /* Role.swift in Sources */ = {isa = PBXBuildFile; fileRef = AE42DD6E1AD8B4CD00765727 /* Role.swift */; };
		AE4E7B971AD2F72800C9076B /* OAuthAuthProvider.swift in Sources */ = {isa = PBXBuildFile; fileRef = AE4E7B961AD2F72800C9076B /* OAuthAuthProvider.swift */; };
		AE4E7B991AD31D4500C9076B /* DataTaskHandler.swift in Sources */ = {isa = PBXBuildFile; fileRef = AE4E7B981AD31D4500C9076B /* DataTaskHandler.swift */; };
		AE4E7B9B1AD36C5400C9076B /* JSONParser.swift in Sources */ = {isa = PBXBuildFile; fileRef = AE4E7B9A1AD36C5400C9076B /* JSONParser.swift */; };
		AE4E7B9E1AD4898700C9076B /* CoreDataModel.xcdatamodeld in Sources */ = {isa = PBXBuildFile; fileRef = AE4E7B9C1AD4898700C9076B /* CoreDataModel.xcdatamodeld */; };
		AE6F5ACB1ACDFC5E007CC2B6 /* HomeController.swift in Sources */ = {isa = PBXBuildFile; fileRef = AE6F5ACA1ACDFC5E007CC2B6 /* HomeController.swift */; };
		AEB372B21ADCA00B002B39C5 /* Register.swift in Sources */ = {isa = PBXBuildFile; fileRef = AEB372B11ADCA00B002B39C5 /* Register.swift */; };
		AEF8D40B1AD0733E0006A6D9 /* Main.storyboard in Resources */ = {isa = PBXBuildFile; fileRef = AEF8D4091AD0733E0006A6D9 /* Main.storyboard */; };
		AEF8D40D1AD0754C0006A6D9 /* SignUpController.swift in Sources */ = {isa = PBXBuildFile; fileRef = AEF8D40C1AD0754C0006A6D9 /* SignUpController.swift */; };
/* End PBXBuildFile section */

/* Begin PBXContainerItemProxy section */
		AE0EF5401AC5FF3600A1FF9E /* PBXContainerItemProxy */ = {
			isa = PBXContainerItemProxy;
			containerPortal = AE0EF5221AC5FF3500A1FF9E /* Project object */;
			proxyType = 1;
			remoteGlobalIDString = AE0EF5291AC5FF3600A1FF9E;
			remoteInfo = login;
		};
/* End PBXContainerItemProxy section */

/* Begin PBXFileReference section */
		AE0EF52A1AC5FF3600A1FF9E /* login.app */ = {isa = PBXFileReference; explicitFileType = wrapper.application; includeInIndex = 0; path = login.app; sourceTree = BUILT_PRODUCTS_DIR; };
		AE0EF52E1AC5FF3600A1FF9E /* Info.plist */ = {isa = PBXFileReference; lastKnownFileType = text.plist.xml; path = Info.plist; sourceTree = "<group>"; };
		AE0EF52F1AC5FF3600A1FF9E /* AppDelegate.swift */ = {isa = PBXFileReference; lastKnownFileType = sourcecode.swift; path = AppDelegate.swift; sourceTree = "<group>"; };
		AE0EF5311AC5FF3600A1FF9E /* LogInController.swift */ = {isa = PBXFileReference; lastKnownFileType = sourcecode.swift; path = LogInController.swift; sourceTree = "<group>"; };
		AE0EF5361AC5FF3600A1FF9E /* Images.xcassets */ = {isa = PBXFileReference; lastKnownFileType = folder.assetcatalog; path = Images.xcassets; sourceTree = "<group>"; };
		AE0EF5391AC5FF3600A1FF9E /* Base */ = {isa = PBXFileReference; lastKnownFileType = file.xib; name = Base; path = Base.lproj/LaunchScreen.xib; sourceTree = "<group>"; };
		AE0EF53F1AC5FF3600A1FF9E /* loginTests.xctest */ = {isa = PBXFileReference; explicitFileType = wrapper.cfbundle; includeInIndex = 0; path = loginTests.xctest; sourceTree = BUILT_PRODUCTS_DIR; };
		AE0EF5441AC5FF3600A1FF9E /* Info.plist */ = {isa = PBXFileReference; lastKnownFileType = text.plist.xml; path = Info.plist; sourceTree = "<group>"; };
		AE0EF5451AC5FF3600A1FF9E /* loginTests.swift */ = {isa = PBXFileReference; lastKnownFileType = sourcecode.swift; path = loginTests.swift; sourceTree = "<group>"; };
		AE0EF5501AC60ABA00A1FF9E /* DeathtoStock_Wired1.jpg */ = {isa = PBXFileReference; lastKnownFileType = image.jpeg; path = DeathtoStock_Wired1.jpg; sourceTree = "<group>"; };
		AE0EF5511AC60ABA00A1FF9E /* DeathtoStock_Wired10.jpg */ = {isa = PBXFileReference; lastKnownFileType = image.jpeg; path = DeathtoStock_Wired10.jpg; sourceTree = "<group>"; };
		AE0EF5521AC60ABA00A1FF9E /* DeathtoStock_Wired2.jpg */ = {isa = PBXFileReference; lastKnownFileType = image.jpeg; path = DeathtoStock_Wired2.jpg; sourceTree = "<group>"; };
		AE0EF5531AC60ABA00A1FF9E /* DeathtoStock_Wired3.jpg */ = {isa = PBXFileReference; lastKnownFileType = image.jpeg; path = DeathtoStock_Wired3.jpg; sourceTree = "<group>"; };
		AE0EF5541AC60ABA00A1FF9E /* DeathtoStock_Wired4.jpg */ = {isa = PBXFileReference; lastKnownFileType = image.jpeg; path = DeathtoStock_Wired4.jpg; sourceTree = "<group>"; };
		AE0EF5551AC60ABA00A1FF9E /* DeathtoStock_Wired5.jpg */ = {isa = PBXFileReference; lastKnownFileType = image.jpeg; path = DeathtoStock_Wired5.jpg; sourceTree = "<group>"; };
		AE0EF5561AC60ABA00A1FF9E /* DeathtoStock_Wired6.jpg */ = {isa = PBXFileReference; lastKnownFileType = image.jpeg; path = DeathtoStock_Wired6.jpg; sourceTree = "<group>"; };
		AE0EF5571AC60ABA00A1FF9E /* DeathtoStock_Wired7.jpg */ = {isa = PBXFileReference; lastKnownFileType = image.jpeg; path = DeathtoStock_Wired7.jpg; sourceTree = "<group>"; };
		AE0EF5581AC60ABA00A1FF9E /* DeathtoStock_Wired8.jpg */ = {isa = PBXFileReference; lastKnownFileType = image.jpeg; path = DeathtoStock_Wired8.jpg; sourceTree = "<group>"; };
		AE0EF5591AC60ABA00A1FF9E /* DeathtoStock_Wired9.jpg */ = {isa = PBXFileReference; lastKnownFileType = image.jpeg; path = DeathtoStock_Wired9.jpg; sourceTree = "<group>"; };
		AE0EF5681AC637C600A1FF9E /* Tester.playground */ = {isa = PBXFileReference; lastKnownFileType = file.playground; path = Tester.playground; sourceTree = "<group>"; };
		AE1A860A1AD5DCE2006BE0F2 /* Model.swift */ = {isa = PBXFileReference; fileEncoding = 4; lastKnownFileType = sourcecode.swift; path = Model.swift; sourceTree = "<group>"; };
		AE1A860C1AD5DE0C006BE0F2 /* User.swift */ = {isa = PBXFileReference; fileEncoding = 4; lastKnownFileType = sourcecode.swift; path = User.swift; sourceTree = "<group>"; };
		AE1A860E1AD6018A006BE0F2 /* DB.swift */ = {isa = PBXFileReference; fileEncoding = 4; lastKnownFileType = sourcecode.swift; path = DB.swift; sourceTree = "<group>"; };
		AE42DD6E1AD8B4CD00765727 /* Role.swift */ = {isa = PBXFileReference; fileEncoding = 4; lastKnownFileType = sourcecode.swift; path = Role.swift; sourceTree = "<group>"; };
		AE4E7B961AD2F72800C9076B /* OAuthAuthProvider.swift */ = {isa = PBXFileReference; fileEncoding = 4; lastKnownFileType = sourcecode.swift; path = OAuthAuthProvider.swift; sourceTree = "<group>"; };
		AE4E7B981AD31D4500C9076B /* DataTaskHandler.swift */ = {isa = PBXFileReference; fileEncoding = 4; lastKnownFileType = sourcecode.swift; path = DataTaskHandler.swift; sourceTree = "<group>"; };
		AE4E7B9A1AD36C5400C9076B /* JSONParser.swift */ = {isa = PBXFileReference; fileEncoding = 4; lastKnownFileType = sourcecode.swift; path = JSONParser.swift; sourceTree = "<group>"; };
		AE4E7B9D1AD4898700C9076B /* CoreDataModel.xcdatamodel */ = {isa = PBXFileReference; lastKnownFileType = wrapper.xcdatamodel; path = CoreDataModel.xcdatamodel; sourceTree = "<group>"; };
		AE6F5ACA1ACDFC5E007CC2B6 /* HomeController.swift */ = {isa = PBXFileReference; fileEncoding = 4; lastKnownFileType = sourcecode.swift; path = HomeController.swift; sourceTree = "<group>"; };
		AEB372B11ADCA00B002B39C5 /* Register.swift */ = {isa = PBXFileReference; fileEncoding = 4; lastKnownFileType = sourcecode.swift; path = Register.swift; sourceTree = "<group>"; };
		AEF8D40A1AD0733E0006A6D9 /* Base */ = {isa = PBXFileReference; lastKnownFileType = file.storyboard; name = Base; path = Base.lproj/Main.storyboard; sourceTree = "<group>"; };
		AEF8D40C1AD0754C0006A6D9 /* SignUpController.swift */ = {isa = PBXFileReference; fileEncoding = 4; lastKnownFileType = sourcecode.swift; path = SignUpController.swift; sourceTree = "<group>"; };
/* End PBXFileReference section */

/* Begin PBXFrameworksBuildPhase section */
		AE0EF5271AC5FF3600A1FF9E /* Frameworks */ = {
			isa = PBXFrameworksBuildPhase;
			buildActionMask = 2147483647;
			files = (
			);
			runOnlyForDeploymentPostprocessing = 0;
		};
		AE0EF53C1AC5FF3600A1FF9E /* Frameworks */ = {
			isa = PBXFrameworksBuildPhase;
			buildActionMask = 2147483647;
			files = (
			);
			runOnlyForDeploymentPostprocessing = 0;
		};
/* End PBXFrameworksBuildPhase section */

/* Begin PBXGroup section */
		AE0EF5211AC5FF3500A1FF9E = {
			isa = PBXGroup;
			children = (
				AE0EF5681AC637C600A1FF9E /* Tester.playground */,
				AE0EF52C1AC5FF3600A1FF9E /* login */,
				AE0EF5421AC5FF3600A1FF9E /* loginTests */,
				AE0EF52B1AC5FF3600A1FF9E /* Products */,
			);
			sourceTree = "<group>";
		};
		AE0EF52B1AC5FF3600A1FF9E /* Products */ = {
			isa = PBXGroup;
			children = (
				AE0EF52A1AC5FF3600A1FF9E /* login.app */,
				AE0EF53F1AC5FF3600A1FF9E /* loginTests.xctest */,
			);
			name = Products;
			sourceTree = "<group>";
		};
		AE0EF52C1AC5FF3600A1FF9E /* login */ = {
			isa = PBXGroup;
			children = (
				AE3A33A51AD5C7130073C284 /* Model */,
				AE4E7BD91AD5BF3100C9076B /* Http */,
				AE4E7BD81AD5BF0B00C9076B /* Controllers */,
				AE4E7BD71AD5BE9D00C9076B /* Core Data */,
				AE4E7BD61AD5BE7A00C9076B /* OAuthAuthProvider */,
				AE0EF52F1AC5FF3600A1FF9E /* AppDelegate.swift */,
				AEF8D4091AD0733E0006A6D9 /* Main.storyboard */,
				AE0EF5361AC5FF3600A1FF9E /* Images.xcassets */,
				AE0EF5381AC5FF3600A1FF9E /* LaunchScreen.xib */,
				AE0EF52D1AC5FF3600A1FF9E /* Supporting Files */,
				AEB372B11ADCA00B002B39C5 /* Register.swift */,
			);
			path = login;
			sourceTree = "<group>";
		};
		AE0EF52D1AC5FF3600A1FF9E /* Supporting Files */ = {
			isa = PBXGroup;
			children = (
				AE0EF54F1AC60ABA00A1FF9E /* DeathtoStock_Wired */,
				AE0EF52E1AC5FF3600A1FF9E /* Info.plist */,
			);
			name = "Supporting Files";
			sourceTree = "<group>";
		};
		AE0EF5421AC5FF3600A1FF9E /* loginTests */ = {
			isa = PBXGroup;
			children = (
				AE0EF5451AC5FF3600A1FF9E /* loginTests.swift */,
				AE0EF5431AC5FF3600A1FF9E /* Supporting Files */,
			);
			path = loginTests;
			sourceTree = "<group>";
		};
		AE0EF5431AC5FF3600A1FF9E /* Supporting Files */ = {
			isa = PBXGroup;
			children = (
				AE0EF5441AC5FF3600A1FF9E /* Info.plist */,
			);
			name = "Supporting Files";
			sourceTree = "<group>";
		};
		AE0EF54F1AC60ABA00A1FF9E /* DeathtoStock_Wired */ = {
			isa = PBXGroup;
			children = (
				AE0EF5501AC60ABA00A1FF9E /* DeathtoStock_Wired1.jpg */,
				AE0EF5511AC60ABA00A1FF9E /* DeathtoStock_Wired10.jpg */,
				AE0EF5521AC60ABA00A1FF9E /* DeathtoStock_Wired2.jpg */,
				AE0EF5531AC60ABA00A1FF9E /* DeathtoStock_Wired3.jpg */,
				AE0EF5541AC60ABA00A1FF9E /* DeathtoStock_Wired4.jpg */,
				AE0EF5551AC60ABA00A1FF9E /* DeathtoStock_Wired5.jpg */,
				AE0EF5561AC60ABA00A1FF9E /* DeathtoStock_Wired6.jpg */,
				AE0EF5571AC60ABA00A1FF9E /* DeathtoStock_Wired7.jpg */,
				AE0EF5581AC60ABA00A1FF9E /* DeathtoStock_Wired8.jpg */,
				AE0EF5591AC60ABA00A1FF9E /* DeathtoStock_Wired9.jpg */,
			);
			name = DeathtoStock_Wired;
			path = ../../../../../Downloads/DeathtoStock_Wired;
			sourceTree = "<group>";
		};
		AE3A33A51AD5C7130073C284 /* Model */ = {
			isa = PBXGroup;
			children = (
				AE1A860A1AD5DCE2006BE0F2 /* Model.swift */,
				AE1A860C1AD5DE0C006BE0F2 /* User.swift */,
				AE1A860E1AD6018A006BE0F2 /* DB.swift */,
				AE42DD6E1AD8B4CD00765727 /* Role.swift */,
			);
			name = Model;
			sourceTree = "<group>";
		};
		AE4E7BD61AD5BE7A00C9076B /* OAuthAuthProvider */ = {
			isa = PBXGroup;
			children = (
				AE4E7B961AD2F72800C9076B /* OAuthAuthProvider.swift */,
			);
			name = OAuthAuthProvider;
			sourceTree = "<group>";
		};
		AE4E7BD71AD5BE9D00C9076B /* Core Data */ = {
			isa = PBXGroup;
			children = (
				AE4E7B9C1AD4898700C9076B /* CoreDataModel.xcdatamodeld */,
			);
			name = "Core Data";
			sourceTree = "<group>";
		};
		AE4E7BD81AD5BF0B00C9076B /* Controllers */ = {
			isa = PBXGroup;
			children = (
				AEF8D40C1AD0754C0006A6D9 /* SignUpController.swift */,
				AE0EF5311AC5FF3600A1FF9E /* LogInController.swift */,
				AE6F5ACA1ACDFC5E007CC2B6 /* HomeController.swift */,
			);
			name = Controllers;
			sourceTree = "<group>";
		};
		AE4E7BD91AD5BF3100C9076B /* Http */ = {
			isa = PBXGroup;
			children = (
				AE4E7B981AD31D4500C9076B /* DataTaskHandler.swift */,
				AE4E7B9A1AD36C5400C9076B /* JSONParser.swift */,
			);
			name = Http;
			sourceTree = "<group>";
		};
/* End PBXGroup section */

/* Begin PBXNativeTarget section */
		AE0EF5291AC5FF3600A1FF9E /* login */ = {
			isa = PBXNativeTarget;
			buildConfigurationList = AE0EF5491AC5FF3600A1FF9E /* Build configuration list for PBXNativeTarget "login" */;
			buildPhases = (
				AE0EF5261AC5FF3600A1FF9E /* Sources */,
				AE0EF5271AC5FF3600A1FF9E /* Frameworks */,
				AE0EF5281AC5FF3600A1FF9E /* Resources */,
			);
			buildRules = (
			);
			dependencies = (
			);
			name = login;
			productName = login;
			productReference = AE0EF52A1AC5FF3600A1FF9E /* login.app */;
			productType = "com.apple.product-type.application";
		};
		AE0EF53E1AC5FF3600A1FF9E /* loginTests */ = {
			isa = PBXNativeTarget;
			buildConfigurationList = AE0EF54C1AC5FF3600A1FF9E /* Build configuration list for PBXNativeTarget "loginTests" */;
			buildPhases = (
				AE0EF53B1AC5FF3600A1FF9E /* Sources */,
				AE0EF53C1AC5FF3600A1FF9E /* Frameworks */,
				AE0EF53D1AC5FF3600A1FF9E /* Resources */,
			);
			buildRules = (
			);
			dependencies = (
				AE0EF5411AC5FF3600A1FF9E /* PBXTargetDependency */,
			);
			name = loginTests;
			productName = loginTests;
			productReference = AE0EF53F1AC5FF3600A1FF9E /* loginTests.xctest */;
			productType = "com.apple.product-type.bundle.unit-test";
		};
/* End PBXNativeTarget section */

/* Begin PBXProject section */
		AE0EF5221AC5FF3500A1FF9E /* Project object */ = {
			isa = PBXProject;
			attributes = {
				LastUpgradeCheck = 0620;
				ORGANIZATIONNAME = capitalofcode;
				TargetAttributes = {
					AE0EF5291AC5FF3600A1FF9E = {
						CreatedOnToolsVersion = 6.2;
					};
					AE0EF53E1AC5FF3600A1FF9E = {
						CreatedOnToolsVersion = 6.2;
						TestTargetID = AE0EF5291AC5FF3600A1FF9E;
					};
				};
			};
			buildConfigurationList = AE0EF5251AC5FF3500A1FF9E /* Build configuration list for PBXProject "login" */;
			compatibilityVersion = "Xcode 3.2";
			developmentRegion = English;
			hasScannedForEncodings = 0;
			knownRegions = (
				en,
				Base,
			);
			mainGroup = AE0EF5211AC5FF3500A1FF9E;
			productRefGroup = AE0EF52B1AC5FF3600A1FF9E /* Products */;
			projectDirPath = "";
			projectRoot = "";
			targets = (
				AE0EF5291AC5FF3600A1FF9E /* login */,
				AE0EF53E1AC5FF3600A1FF9E /* loginTests */,
			);
		};
/* End PBXProject section */

/* Begin PBXResourcesBuildPhase section */
		AE0EF5281AC5FF3600A1FF9E /* Resources */ = {
			isa = PBXResourcesBuildPhase;
			buildActionMask = 2147483647;
			files = (
				AE0EF5601AC60ABA00A1FF9E /* DeathtoStock_Wired6.jpg in Resources */,
				AE0EF55E1AC60ABA00A1FF9E /* DeathtoStock_Wired4.jpg in Resources */,
				AE0EF53A1AC5FF3600A1FF9E /* LaunchScreen.xib in Resources */,
				AE0EF55F1AC60ABA00A1FF9E /* DeathtoStock_Wired5.jpg in Resources */,
				AE0EF55A1AC60ABA00A1FF9E /* DeathtoStock_Wired1.jpg in Resources */,
				AE0EF55D1AC60ABA00A1FF9E /* DeathtoStock_Wired3.jpg in Resources */,
				AE0EF55C1AC60ABA00A1FF9E /* DeathtoStock_Wired2.jpg in Resources */,
				AEF8D40B1AD0733E0006A6D9 /* Main.storyboard in Resources */,
				AE0EF5371AC5FF3600A1FF9E /* Images.xcassets in Resources */,
				AE0EF5621AC60ABA00A1FF9E /* DeathtoStock_Wired8.jpg in Resources */,
				AE0EF55B1AC60ABA00A1FF9E /* DeathtoStock_Wired10.jpg in Resources */,
				AE0EF5611AC60ABA00A1FF9E /* DeathtoStock_Wired7.jpg in Resources */,
				AE0EF5631AC60ABA00A1FF9E /* DeathtoStock_Wired9.jpg in Resources */,
			);
			runOnlyForDeploymentPostprocessing = 0;
		};
		AE0EF53D1AC5FF3600A1FF9E /* Resources */ = {
			isa = PBXResourcesBuildPhase;
			buildActionMask = 2147483647;
			files = (
			);
			runOnlyForDeploymentPostprocessing = 0;
		};
/* End PBXResourcesBuildPhase section */

/* Begin PBXSourcesBuildPhase section */
		AE0EF5261AC5FF3600A1FF9E /* Sources */ = {
			isa = PBXSourcesBuildPhase;
			buildActionMask = 2147483647;
			files = (
				AE4E7B971AD2F72800C9076B /* OAuthAuthProvider.swift in Sources */,
				AE1A860D1AD5DE0C006BE0F2 /* User.swift in Sources */,
				AE6F5ACB1ACDFC5E007CC2B6 /* HomeController.swift in Sources */,
				AEB372B21ADCA00B002B39C5 /* Register.swift in Sources */,
				AE4E7B991AD31D4500C9076B /* DataTaskHandler.swift in Sources */,
				AE1A860F1AD6018B006BE0F2 /* DB.swift in Sources */,
				AE4E7B9E1AD4898700C9076B /* CoreDataModel.xcdatamodeld in Sources */,
				AE1A860B1AD5DCE2006BE0F2 /* Model.swift in Sources */,
				AE4E7B9B1AD36C5400C9076B /* JSONParser.swift in Sources */,
				AE0EF5321AC5FF3600A1FF9E /* LogInController.swift in Sources */,
				AE0EF5301AC5FF3600A1FF9E /* AppDelegate.swift in Sources */,
				AEF8D40D1AD0754C0006A6D9 /* SignUpController.swift in Sources */,
				AE42DD6F1AD8B4CD00765727 /* Role.swift in Sources */,
			);
			runOnlyForDeploymentPostprocessing = 0;
		};
		AE0EF53B1AC5FF3600A1FF9E /* Sources */ = {
			isa = PBXSourcesBuildPhase;
			buildActionMask = 2147483647;
			files = (
				AE0EF5461AC5FF3600A1FF9E /* loginTests.swift in Sources */,
			);
			runOnlyForDeploymentPostprocessing = 0;
		};
/* End PBXSourcesBuildPhase section */

/* Begin PBXTargetDependency section */
		AE0EF5411AC5FF3600A1FF9E /* PBXTargetDependency */ = {
			isa = PBXTargetDependency;
			target = AE0EF5291AC5FF3600A1FF9E /* login */;
			targetProxy = AE0EF5401AC5FF3600A1FF9E /* PBXContainerItemProxy */;
		};
/* End PBXTargetDependency section */

/* Begin PBXVariantGroup section */
		AE0EF5381AC5FF3600A1FF9E /* LaunchScreen.xib */ = {
			isa = PBXVariantGroup;
			children = (
				AE0EF5391AC5FF3600A1FF9E /* Base */,
			);
			name = LaunchScreen.xib;
			sourceTree = "<group>";
		};
		AEF8D4091AD0733E0006A6D9 /* Main.storyboard */ = {
			isa = PBXVariantGroup;
			children = (
				AEF8D40A1AD0733E0006A6D9 /* Base */,
			);
			name = Main.storyboard;
			sourceTree = "<group>";
		};
/* End PBXVariantGroup section */

/* Begin XCBuildConfiguration section */
		AE0EF5471AC5FF3600A1FF9E /* Debug */ = {
			isa = XCBuildConfiguration;
			buildSettings = {
				ALWAYS_SEARCH_USER_PATHS = NO;
				CLANG_CXX_LANGUAGE_STANDARD = "gnu++0x";
				CLANG_CXX_LIBRARY = "libc++";
				CLANG_ENABLE_MODULES = YES;
				CLANG_ENABLE_OBJC_ARC = YES;
				CLANG_WARN_BOOL_CONVERSION = YES;
				CLANG_WARN_CONSTANT_CONVERSION = YES;
				CLANG_WARN_DIRECT_OBJC_ISA_USAGE = YES_ERROR;
				CLANG_WARN_EMPTY_BODY = YES;
				CLANG_WARN_ENUM_CONVERSION = YES;
				CLANG_WARN_INT_CONVERSION = YES;
				CLANG_WARN_OBJC_ROOT_CLASS = YES_ERROR;
				CLANG_WARN_UNREACHABLE_CODE = YES;
				CLANG_WARN__DUPLICATE_METHOD_MATCH = YES;
				"CODE_SIGN_IDENTITY[sdk=iphoneos*]" = "iPhone Developer";
				COPY_PHASE_STRIP = NO;
				ENABLE_STRICT_OBJC_MSGSEND = YES;
				GCC_C_LANGUAGE_STANDARD = gnu99;
				GCC_DYNAMIC_NO_PIC = NO;
				GCC_OPTIMIZATION_LEVEL = 0;
				GCC_PREPROCESSOR_DEFINITIONS = (
					"DEBUG=1",
					"$(inherited)",
				);
				GCC_SYMBOLS_PRIVATE_EXTERN = NO;
				GCC_WARN_64_TO_32_BIT_CONVERSION = YES;
				GCC_WARN_ABOUT_RETURN_TYPE = YES_ERROR;
				GCC_WARN_UNDECLARED_SELECTOR = YES;
				GCC_WARN_UNINITIALIZED_AUTOS = YES_AGGRESSIVE;
				GCC_WARN_UNUSED_FUNCTION = YES;
				GCC_WARN_UNUSED_VARIABLE = YES;
				IPHONEOS_DEPLOYMENT_TARGET = 8.2;
				MTL_ENABLE_DEBUG_INFO = YES;
				ONLY_ACTIVE_ARCH = YES;
				SDKROOT = iphoneos;
				SWIFT_OPTIMIZATION_LEVEL = "-Onone";
			};
			name = Debug;
		};
		AE0EF5481AC5FF3600A1FF9E /* Release */ = {
			isa = XCBuildConfiguration;
			buildSettings = {
				ALWAYS_SEARCH_USER_PATHS = NO;
				CLANG_CXX_LANGUAGE_STANDARD = "gnu++0x";
				CLANG_CXX_LIBRARY = "libc++";
				CLANG_ENABLE_MODULES = YES;
				CLANG_ENABLE_OBJC_ARC = YES;
				CLANG_WARN_BOOL_CONVERSION = YES;
				CLANG_WARN_CONSTANT_CONVERSION = YES;
				CLANG_WARN_DIRECT_OBJC_ISA_USAGE = YES_ERROR;
				CLANG_WARN_EMPTY_BODY = YES;
				CLANG_WARN_ENUM_CONVERSION = YES;
				CLANG_WARN_INT_CONVERSION = YES;
				CLANG_WARN_OBJC_ROOT_CLASS = YES_ERROR;
				CLANG_WARN_UNREACHABLE_CODE = YES;
				CLANG_WARN__DUPLICATE_METHOD_MATCH = YES;
				"CODE_SIGN_IDENTITY[sdk=iphoneos*]" = "iPhone Developer";
				COPY_PHASE_STRIP = NO;
				ENABLE_NS_ASSERTIONS = NO;
				ENABLE_STRICT_OBJC_MSGSEND = YES;
				GCC_C_LANGUAGE_STANDARD = gnu99;
				GCC_WARN_64_TO_32_BIT_CONVERSION = YES;
				GCC_WARN_ABOUT_RETURN_TYPE = YES_ERROR;
				GCC_WARN_UNDECLARED_SELECTOR = YES;
				GCC_WARN_UNINITIALIZED_AUTOS = YES_AGGRESSIVE;
				GCC_WARN_UNUSED_FUNCTION = YES;
				GCC_WARN_UNUSED_VARIABLE = YES;
				IPHONEOS_DEPLOYMENT_TARGET = 8.2;
				MTL_ENABLE_DEBUG_INFO = NO;
				SDKROOT = iphoneos;
				VALIDATE_PRODUCT = YES;
			};
			name = Release;
		};
		AE0EF54A1AC5FF3600A1FF9E /* Debug */ = {
			isa = XCBuildConfiguration;
			buildSettings = {
				ASSETCATALOG_COMPILER_APPICON_NAME = AppIcon;
				CLANG_ENABLE_MODULES = YES;
				INFOPLIST_FILE = login/Info.plist;
				IPHONEOS_DEPLOYMENT_TARGET = 8.2;
				LD_RUNPATH_SEARCH_PATHS = "$(inherited) @executable_path/Frameworks";
				PRODUCT_NAME = "$(TARGET_NAME)";
				SWIFT_OBJC_BRIDGING_HEADER = "login/login-Bridging-Header.h";
				SWIFT_OPTIMIZATION_LEVEL = "-Onone";
			};
			name = Debug;
		};
		AE0EF54B1AC5FF3600A1FF9E /* Release */ = {
			isa = XCBuildConfiguration;
			buildSettings = {
				ASSETCATALOG_COMPILER_APPICON_NAME = AppIcon;
				CLANG_ENABLE_MODULES = YES;
				INFOPLIST_FILE = login/Info.plist;
				IPHONEOS_DEPLOYMENT_TARGET = 8.2;
				LD_RUNPATH_SEARCH_PATHS = "$(inherited) @executable_path/Frameworks";
				PRODUCT_NAME = "$(TARGET_NAME)";
				SWIFT_OBJC_BRIDGING_HEADER = "login/login-Bridging-Header.h";
			};
			name = Release;
		};
		AE0EF54D1AC5FF3600A1FF9E /* Debug */ = {
			isa = XCBuildConfiguration;
			buildSettings = {
				BUNDLE_LOADER = "$(TEST_HOST)";
				FRAMEWORK_SEARCH_PATHS = (
					"$(SDKROOT)/Developer/Library/Frameworks",
					"$(inherited)",
				);
				GCC_PREPROCESSOR_DEFINITIONS = (
					"DEBUG=1",
					"$(inherited)",
				);
				INFOPLIST_FILE = loginTests/Info.plist;
				LD_RUNPATH_SEARCH_PATHS = "$(inherited) @executable_path/Frameworks @loader_path/Frameworks";
				PRODUCT_NAME = "$(TARGET_NAME)";
				TEST_HOST = "$(BUILT_PRODUCTS_DIR)/login.app/login";
			};
			name = Debug;
		};
		AE0EF54E1AC5FF3600A1FF9E /* Release */ = {
			isa = XCBuildConfiguration;
			buildSettings = {
				BUNDLE_LOADER = "$(TEST_HOST)";
				FRAMEWORK_SEARCH_PATHS = (
					"$(SDKROOT)/Developer/Library/Frameworks",
					"$(inherited)",
				);
				INFOPLIST_FILE = loginTests/Info.plist;
				LD_RUNPATH_SEARCH_PATHS = "$(inherited) @executable_path/Frameworks @loader_path/Frameworks";
				PRODUCT_NAME = "$(TARGET_NAME)";
				TEST_HOST = "$(BUILT_PRODUCTS_DIR)/login.app/login";
			};
			name = Release;
		};
/* End XCBuildConfiguration section */

/* Begin XCConfigurationList section */
		AE0EF5251AC5FF3500A1FF9E /* Build configuration list for PBXProject "login" */ = {
			isa = XCConfigurationList;
			buildConfigurations = (
				AE0EF5471AC5FF3600A1FF9E /* Debug */,
				AE0EF5481AC5FF3600A1FF9E /* Release */,
			);
			defaultConfigurationIsVisible = 0;
			defaultConfigurationName = Release;
		};
		AE0EF5491AC5FF3600A1FF9E /* Build configuration list for PBXNativeTarget "login" */ = {
			isa = XCConfigurationList;
			buildConfigurations = (
				AE0EF54A1AC5FF3600A1FF9E /* Debug */,
				AE0EF54B1AC5FF3600A1FF9E /* Release */,
			);
			defaultConfigurationIsVisible = 0;
			defaultConfigurationName = Release;
		};
		AE0EF54C1AC5FF3600A1FF9E /* Build configuration list for PBXNativeTarget "loginTests" */ = {
			isa = XCConfigurationList;
			buildConfigurations = (
				AE0EF54D1AC5FF3600A1FF9E /* Debug */,
				AE0EF54E1AC5FF3600A1FF9E /* Release */,
			);
			defaultConfigurationIsVisible = 0;
			defaultConfigurationName = Release;
		};
/* End XCConfigurationList section */

/* Begin XCVersionGroup section */
		AE4E7B9C1AD4898700C9076B /* CoreDataModel.xcdatamodeld */ = {
			isa = XCVersionGroup;
			children = (
				AE4E7B9D1AD4898700C9076B /* CoreDataModel.xcdatamodel */,
			);
			currentVersion = AE4E7B9D1AD4898700C9076B /* CoreDataModel.xcdatamodel */;
			path = CoreDataModel.xcdatamodeld;
			sourceTree = "<group>";
			versionGroupType = wrapper.xcdatamodel;
		};
/* End XCVersionGroup section */
	};
	rootObject = AE0EF5221AC5FF3500A1FF9E /* Project object */;
}
